
Microsoft Visual Studio Solution File, Format Version 12.00
# Visual Studio Version 16
VisualStudioVersion = 16.0.29519.181
MinimumVisualStudioVersion = 10.0.40219.1
Project("{9A19103F-16F7-4668-BE54-9A1E7A4F7556}") = "ContosoApi", "ContosoApi.csproj", "{D4BB6D42-C985-45D3-B004-DB71734F0145}"
EndProject
Global
	GlobalSection(SolutionConfigurationPlatforms) = preSolution
		Debug|Any CPU = Debug|Any CPU
		Release|Any CPU = Release|Any CPU
	EndGlobalSection
	GlobalSection(ProjectConfigurationPlatforms) = postSolution
		{D4BB6D42-C985-45D3-B004-DB71734F0145}.Debug|Any CPU.ActiveCfg = Debug|Any CPU
		{D4BB6D42-C985-45D3-B004-DB71734F0145}.Debug|Any CPU.Build.0 = Debug|Any CPU
		{D4BB6D42-C985-45D3-B004-DB71734F0145}.Release|Any CPU.ActiveCfg = Release|Any CPU
		{D4BB6D42-C985-45D3-B004-DB71734F0145}.Release|Any CPU.Build.0 = Release|Any CPU
	EndGlobalSection
	GlobalSection(SolutionProperties) = preSolution
		HideSolutionNode = FALSE
	EndGlobalSection
	GlobalSection(ExtensibilityGlobals) = postSolution
		SolutionGuid = {7510A7CF-601F-42CB-8E8F-8173BE400581}
	EndGlobalSection
EndGlobal
